GEM
  remote: https://rubygems.org/
  specs:
    addressable (2.8.8)
      public_suffix (>= 2.0.2, < 8.0)
    bigdecimal (3.3.1)
    json-schema (6.0.0)
      addressable (~> 2.8)
      bigdecimal (~> 3.1)
    json_rpc_handler (0.1.1)
    mcp (0.4.0)
      json-schema (>= 4.1)
      json_rpc_handler (~> 0.1)
    public_suffix (7.0.0)

PLATFORMS
  arm64-darwin-23
  ruby

DEPENDENCIES
  mcp

BUNDLED WITH
   2.7.0
